
Microsoft Visual Studio Solution File, Format Version 11.00
# Visual Studio 2010
Project("{FAE04EC0-301F-11D3-BF4B-00C04F79EFBC}") = "Survivors", "Assembly-CSharp.csproj", "{A348AEF3-A336-CAE2-7011-AAE98BE7C145}"
EndProject
Project("{FAE04EC0-301F-11D3-BF4B-00C04F79EFBC}") = "Survivors", "Assembly-CSharp-Editor.csproj", "{71E4E5D2-5C64-0A6E-33CF-A8BE7C7B1F3B}"
EndProject
Global
	GlobalSection(SolutionConfigurationPlatforms) = preSolution
		Debug|Any CPU = Debug|Any CPU
		Release|Any CPU = Release|Any CPU
	EndGlobalSection
	GlobalSection(ProjectConfigurationPlatforms) = postSolution
		{A348AEF3-A336-CAE2-7011-AAE98BE7C145}.Debug|Any CPU.ActiveCfg = Debug|Any CPU
		{A348AEF3-A336-CAE2-7011-AAE98BE7C145}.Debug|Any CPU.Build.0 = Debug|Any CPU
		{A348AEF3-A336-CAE2-7011-AAE98BE7C145}.Release|Any CPU.ActiveCfg = Release|Any CPU
		{A348AEF3-A336-CAE2-7011-AAE98BE7C145}.Release|Any CPU.Build.0 = Release|Any CPU
		{71E4E5D2-5C64-0A6E-33CF-A8BE7C7B1F3B}.Debug|Any CPU.ActiveCfg = Debug|Any CPU
		{71E4E5D2-5C64-0A6E-33CF-A8BE7C7B1F3B}.Debug|Any CPU.Build.0 = Debug|Any CPU
		{71E4E5D2-5C64-0A6E-33CF-A8BE7C7B1F3B}.Release|Any CPU.ActiveCfg = Release|Any CPU
		{71E4E5D2-5C64-0A6E-33CF-A8BE7C7B1F3B}.Release|Any CPU.Build.0 = Release|Any CPU
	EndGlobalSection
	GlobalSection(SolutionProperties) = preSolution
		HideSolutionNode = FALSE
	EndGlobalSection
	GlobalSection(MonoDevelopProperties) = preSolution
		StartupItem = Assembly-CSharp.csproj
	EndGlobalSection
EndGlobal
